// !$*UTF8*$!
{
	archiveVersion = 1;
	classes = {
	};
	objectVersion = 50;
	objects = {

/* Begin PBXBuildFile section */
		2E05A76320F3CACA00A19FDE /* AppDelegate.swift in Sources */ = {isa = PBXBuildFile; fileRef = 2E05A76220F3CACA00A19FDE /* AppDelegate.swift */; };
		2E05A76820F3CACB00A19FDE /* Main.storyboard in Resources */ = {isa = PBXBuildFile; fileRef = 2E05A76620F3CACB00A19FDE /* Main.storyboard */; };
		2E05A76A20F3CACE00A19FDE /* Assets.xcassets in Resources */ = {isa = PBXBuildFile; fileRef = 2E05A76920F3CACE00A19FDE /* Assets.xcassets */; };
		2E05A76D20F3CACE00A19FDE /* LaunchScreen.storyboard in Resources */ = {isa = PBXBuildFile; fileRef = 2E05A76B20F3CACE00A19FDE /* LaunchScreen.storyboard */; };
		2E05A77520F3D03000A19FDE /* GoogleService-Info.plist in Resources */ = {isa = PBXBuildFile; fileRef = 2E05A77420F3D02F00A19FDE /* GoogleService-Info.plist */; };
		2E05A77F20F3D79900A19FDE /* Login.storyboard in Resources */ = {isa = PBXBuildFile; fileRef = 2E05A77E20F3D79900A19FDE /* Login.storyboard */; };
		2E05A78120F3D9E900A19FDE /* LoginVC.swift in Sources */ = {isa = PBXBuildFile; fileRef = 2E05A78020F3D9E900A19FDE /* LoginVC.swift */; };
		2E05A78320F40F1200A19FDE /* User.swift in Sources */ = {isa = PBXBuildFile; fileRef = 2E05A78220F40F1200A19FDE /* User.swift */; };
		2E05A78520F416C200A19FDE /* CreateUsernameVC.swift in Sources */ = {isa = PBXBuildFile; fileRef = 2E05A78420F416C200A19FDE /* CreateUsernameVC.swift */; };
		2E05A78720F425F200A19FDE /* UserService.swift in Sources */ = {isa = PBXBuildFile; fileRef = 2E05A78620F425F200A19FDE /* UserService.swift */; };
		2E05A78920F51A9000A19FDE /* Constants.swift in Sources */ = {isa = PBXBuildFile; fileRef = 2E05A78820F51A9000A19FDE /* Constants.swift */; };
		2E05A78B20F51C6800A19FDE /* Storyboard+Utility.swift in Sources */ = {isa = PBXBuildFile; fileRef = 2E05A78A20F51C6800A19FDE /* Storyboard+Utility.swift */; };
		2E05A78D20F5298A00A19FDE /* HomeVC.swift in Sources */ = {isa = PBXBuildFile; fileRef = 2E05A78C20F5298A00A19FDE /* HomeVC.swift */; };
		2E05A78F20F5299A00A19FDE /* FindFriends.swift in Sources */ = {isa = PBXBuildFile; fileRef = 2E05A78E20F5299A00A19FDE /* FindFriends.swift */; };
		2E12147220F664B5008DEBF0 /* StorageService.swift in Sources */ = {isa = PBXBuildFile; fileRef = 2E12147120F664B5008DEBF0 /* StorageService.swift */; };
		2E12147420F66B6B008DEBF0 /* PostService.swift in Sources */ = {isa = PBXBuildFile; fileRef = 2E12147320F66B6B008DEBF0 /* PostService.swift */; };
		2E12147620F676EE008DEBF0 /* Post.swift in Sources */ = {isa = PBXBuildFile; fileRef = 2E12147520F676EE008DEBF0 /* Post.swift */; };
		2E12147820F67AEA008DEBF0 /* UIImage+Size.swift in Sources */ = {isa = PBXBuildFile; fileRef = 2E12147720F67AEA008DEBF0 /* UIImage+Size.swift */; };
		2E12147A20F67BDC008DEBF0 /* StorageReference+Post.swift in Sources */ = {isa = PBXBuildFile; fileRef = 2E12147920F67BDC008DEBF0 /* StorageReference+Post.swift */; };
		2E12147C20F6B19A008DEBF0 /* Home.storyboard in Resources */ = {isa = PBXBuildFile; fileRef = 2E12147B20F69A24008DEBF0 /* Home.storyboard */; };
		2E12148020F6B5C7008DEBF0 /* PostImageCell.swift in Sources */ = {isa = PBXBuildFile; fileRef = 2E12147F20F6B5C7008DEBF0 /* PostImageCell.swift */; };
		2E12148220F6BC78008DEBF0 /* PostHeaderCell.swift in Sources */ = {isa = PBXBuildFile; fileRef = 2E12148120F6BC78008DEBF0 /* PostHeaderCell.swift */; };
		2E12148420F6BF89008DEBF0 /* PostActionCell.swift in Sources */ = {isa = PBXBuildFile; fileRef = 2E12148320F6BF89008DEBF0 /* PostActionCell.swift */; };
		2E12148620F72105008DEBF0 /* LikeService.swift in Sources */ = {isa = PBXBuildFile; fileRef = 2E12148520F72105008DEBF0 /* LikeService.swift */; };
		2E12148B20F7CC46008DEBF0 /* FollowService.swift in Sources */ = {isa = PBXBuildFile; fileRef = 2E12148A20F7CC46008DEBF0 /* FollowService.swift */; };
		2E12148D20F7EE3F008DEBF0 /* FindFriendsVC.swift in Sources */ = {isa = PBXBuildFile; fileRef = 2E12148C20F7EE3E008DEBF0 /* FindFriendsVC.swift */; };
		2E12148F20F7F094008DEBF0 /* FindFriendsCell.swift in Sources */ = {isa = PBXBuildFile; fileRef = 2E12148E20F7F094008DEBF0 /* FindFriendsCell.swift */; };
		2E12149120F8021D008DEBF0 /* FindFriends.storyboard in Resources */ = {isa = PBXBuildFile; fileRef = 2E12149020F7F0A0008DEBF0 /* FindFriends.storyboard */; };
		2E6A84B220F5542500F142C2 /* MainTabBarController.swift in Sources */ = {isa = PBXBuildFile; fileRef = 2E6A84B120F5542500F142C2 /* MainTabBarController.swift */; };
		2E6A84B420F55CA500F142C2 /* MGPhotoHelper.swift in Sources */ = {isa = PBXBuildFile; fileRef = 2E6A84B320F55CA500F142C2 /* MGPhotoHelper.swift */; };
		43EF225F86F7BD0672492E5D /* Pods_Makestagram.framework in Frameworks */ = {isa = PBXBuildFile; fileRef = 71F751461B64AB01E63385F9 /* Pods_Makestagram.framework */; };
/* End PBXBuildFile section */

/* Begin PBXFileReference section */
		261E018AAFF7DFEDB342C6A1 /* Pods-Makestagram.debug.xcconfig */ = {isa = PBXFileReference; includeInIndex = 1; lastKnownFileType = text.xcconfig; name = "Pods-Makestagram.debug.xcconfig"; path = "Pods/Target Support Files/Pods-Makestagram/Pods-Makestagram.debug.xcconfig"; sourceTree = "<group>"; };
		2E05A75F20F3CACA00A19FDE /* Makestagram.app */ = {isa = PBXFileReference; explicitFileType = wrapper.application; includeInIndex = 0; path = Makestagram.app; sourceTree = BUILT_PRODUCTS_DIR; };
		2E05A76220F3CACA00A19FDE /* AppDelegate.swift */ = {isa = PBXFileReference; lastKnownFileType = sourcecode.swift; path = AppDelegate.swift; sourceTree = "<group>"; };
		2E05A76720F3CACB00A19FDE /* Base */ = {isa = PBXFileReference; lastKnownFileType = file.storyboard; name = Base; path = Base.lproj/Main.storyboard; sourceTree = "<group>"; };
		2E05A76920F3CACE00A19FDE /* Assets.xcassets */ = {isa = PBXFileReference; lastKnownFileType = folder.assetcatalog; path = Assets.xcassets; sourceTree = "<group>"; };
		2E05A76C20F3CACE00A19FDE /* Base */ = {isa = PBXFileReference; lastKnownFileType = file.storyboard; name = Base; path = Base.lproj/LaunchScreen.storyboard; sourceTree = "<group>"; };
		2E05A76E20F3CACE00A19FDE /* Info.plist */ = {isa = PBXFileReference; lastKnownFileType = text.plist.xml; path = Info.plist; sourceTree = "<group>"; };
		2E05A77420F3D02F00A19FDE /* GoogleService-Info.plist */ = {isa = PBXFileReference; fileEncoding = 4; lastKnownFileType = text.plist.xml; path = "GoogleService-Info.plist"; sourceTree = "<group>"; };
		2E05A77E20F3D79900A19FDE /* Login.storyboard */ = {isa = PBXFileReference; lastKnownFileType = file.storyboard; path = Login.storyboard; sourceTree = "<group>"; };
		2E05A78020F3D9E900A19FDE /* LoginVC.swift */ = {isa = PBXFileReference; lastKnownFileType = sourcecode.swift; path = LoginVC.swift; sourceTree = "<group>"; };
		2E05A78220F40F1200A19FDE /* User.swift */ = {isa = PBXFileReference; lastKnownFileType = sourcecode.swift; path = User.swift; sourceTree = "<group>"; };
		2E05A78420F416C200A19FDE /* CreateUsernameVC.swift */ = {isa = PBXFileReference; lastKnownFileType = sourcecode.swift; path = CreateUsernameVC.swift; sourceTree = "<group>"; };
		2E05A78620F425F200A19FDE /* UserService.swift */ = {isa = PBXFileReference; lastKnownFileType = sourcecode.swift; path = UserService.swift; sourceTree = "<group>"; };
		2E05A78820F51A9000A19FDE /* Constants.swift */ = {isa = PBXFileReference; lastKnownFileType = sourcecode.swift; path = Constants.swift; sourceTree = "<group>"; };
		2E05A78A20F51C6800A19FDE /* Storyboard+Utility.swift */ = {isa = PBXFileReference; lastKnownFileType = sourcecode.swift; path = "Storyboard+Utility.swift"; sourceTree = "<group>"; };
		2E05A78C20F5298A00A19FDE /* HomeVC.swift */ = {isa = PBXFileReference; lastKnownFileType = sourcecode.swift; path = HomeVC.swift; sourceTree = "<group>"; };
		2E05A78E20F5299A00A19FDE /* FindFriends.swift */ = {isa = PBXFileReference; lastKnownFileType = sourcecode.swift; path = FindFriends.swift; sourceTree = "<group>"; };
		2E12147120F664B5008DEBF0 /* StorageService.swift */ = {isa = PBXFileReference; lastKnownFileType = sourcecode.swift; path = StorageService.swift; sourceTree = "<group>"; };
		2E12147320F66B6B008DEBF0 /* PostService.swift */ = {isa = PBXFileReference; lastKnownFileType = sourcecode.swift; path = PostService.swift; sourceTree = "<group>"; };
		2E12147520F676EE008DEBF0 /* Post.swift */ = {isa = PBXFileReference; lastKnownFileType = sourcecode.swift; path = Post.swift; sourceTree = "<group>"; };
		2E12147720F67AEA008DEBF0 /* UIImage+Size.swift */ = {isa = PBXFileReference; lastKnownFileType = sourcecode.swift; path = "UIImage+Size.swift"; sourceTree = "<group>"; };
		2E12147920F67BDC008DEBF0 /* StorageReference+Post.swift */ = {isa = PBXFileReference; lastKnownFileType = sourcecode.swift; path = "StorageReference+Post.swift"; sourceTree = "<group>"; };
		2E12147B20F69A24008DEBF0 /* Home.storyboard */ = {isa = PBXFileReference; lastKnownFileType = file.storyboard; name = Home.storyboard; path = /Users/robertwais/Documents/MakeSchool/Makestagram/Makestagram/Storyboards/Home.storyboard; sourceTree = "<absolute>"; };
		2E12147F20F6B5C7008DEBF0 /* PostImageCell.swift */ = {isa = PBXFileReference; lastKnownFileType = sourcecode.swift; path = PostImageCell.swift; sourceTree = "<group>"; };
		2E12148120F6BC78008DEBF0 /* PostHeaderCell.swift */ = {isa = PBXFileReference; lastKnownFileType = sourcecode.swift; path = PostHeaderCell.swift; sourceTree = "<group>"; };
		2E12148320F6BF89008DEBF0 /* PostActionCell.swift */ = {isa = PBXFileReference; lastKnownFileType = sourcecode.swift; path = PostActionCell.swift; sourceTree = "<group>"; };
		2E12148520F72105008DEBF0 /* LikeService.swift */ = {isa = PBXFileReference; lastKnownFileType = sourcecode.swift; path = LikeService.swift; sourceTree = "<group>"; };
		2E12148A20F7CC46008DEBF0 /* FollowService.swift */ = {isa = PBXFileReference; lastKnownFileType = sourcecode.swift; path = FollowService.swift; sourceTree = "<group>"; };
		2E12148C20F7EE3E008DEBF0 /* FindFriendsVC.swift */ = {isa = PBXFileReference; lastKnownFileType = sourcecode.swift; path = FindFriendsVC.swift; sourceTree = "<group>"; };
		2E12148E20F7F094008DEBF0 /* FindFriendsCell.swift */ = {isa = PBXFileReference; lastKnownFileType = sourcecode.swift; path = FindFriendsCell.swift; sourceTree = "<group>"; };
		2E12149020F7F0A0008DEBF0 /* FindFriends.storyboard */ = {isa = PBXFileReference; lastKnownFileType = file.storyboard; name = FindFriends.storyboard; path = /Users/robertwais/Documents/MakeSchool/Makestagram/Makestagram/Storyboards/FindFriends.storyboard; sourceTree = "<absolute>"; };
		2E6A84B120F5542500F142C2 /* MainTabBarController.swift */ = {isa = PBXFileReference; lastKnownFileType = sourcecode.swift; path = MainTabBarController.swift; sourceTree = "<group>"; };
		2E6A84B320F55CA500F142C2 /* MGPhotoHelper.swift */ = {isa = PBXFileReference; lastKnownFileType = sourcecode.swift; path = MGPhotoHelper.swift; sourceTree = "<group>"; };
		71F751461B64AB01E63385F9 /* Pods_Makestagram.framework */ = {isa = PBXFileReference; explicitFileType = wrapper.framework; includeInIndex = 0; path = Pods_Makestagram.framework; sourceTree = BUILT_PRODUCTS_DIR; };
		FA2DD7E0FD180B42A4D9F04A /* Pods-Makestagram.release.xcconfig */ = {isa = PBXFileReference; includeInIndex = 1; lastKnownFileType = text.xcconfig; name = "Pods-Makestagram.release.xcconfig"; path = "Pods/Target Support Files/Pods-Makestagram/Pods-Makestagram.release.xcconfig"; sourceTree = "<group>"; };
/* End PBXFileReference section */

/* Begin PBXFrameworksBuildPhase section */
		2E05A75C20F3CACA00A19FDE /* Frameworks */ = {
			isa = PBXFrameworksBuildPhase;
			buildActionMask = 2147483647;
			files = (
				43EF225F86F7BD0672492E5D /* Pods_Makestagram.framework in Frameworks */,
			);
			runOnlyForDeploymentPostprocessing = 0;
		};
/* End PBXFrameworksBuildPhase section */

/* Begin PBXGroup section */
		2E05A75620F3CACA00A19FDE = {
			isa = PBXGroup;
			children = (
				2E05A76120F3CACA00A19FDE /* Makestagram */,
				2E05A76020F3CACA00A19FDE /* Products */,
				E1EF7F6A2F22FECD508B249F /* Pods */,
				44D45B4B1F38E32801CA7369 /* Frameworks */,
			);
			sourceTree = "<group>";
		};
		2E05A76020F3CACA00A19FDE /* Products */ = {
			isa = PBXGroup;
			children = (
				2E05A75F20F3CACA00A19FDE /* Makestagram.app */,
			);
			name = Products;
			sourceTree = "<group>";
		};
		2E05A76120F3CACA00A19FDE /* Makestagram */ = {
			isa = PBXGroup;
			children = (
				2E05A77D20F3D41100A19FDE /* Controllers */,
				2E05A77C20F3D3FF00A19FDE /* Views */,
				2E05A77B20F3D3F800A19FDE /* Supporting Files */,
				2E05A77A20F3D3F000A19FDE /* Storyboards */,
				2E05A77920F3D3E800A19FDE /* Services */,
				2E05A77820F3D3DB00A19FDE /* Models */,
				2E05A77720F3D3D600A19FDE /* Helpers */,
				2E05A77620F3D3BA00A19FDE /* Extensions */,
				2E05A76220F3CACA00A19FDE /* AppDelegate.swift */,
				2E05A76920F3CACE00A19FDE /* Assets.xcassets */,
				2E05A76B20F3CACE00A19FDE /* LaunchScreen.storyboard */,
			);
			path = Makestagram;
			sourceTree = "<group>";
		};
		2E05A77620F3D3BA00A19FDE /* Extensions */ = {
			isa = PBXGroup;
			children = (
				2E05A78A20F51C6800A19FDE /* Storyboard+Utility.swift */,
				2E12147720F67AEA008DEBF0 /* UIImage+Size.swift */,
				2E12147920F67BDC008DEBF0 /* StorageReference+Post.swift */,
			);
			path = Extensions;
			sourceTree = "<group>";
		};
		2E05A77720F3D3D600A19FDE /* Helpers */ = {
			isa = PBXGroup;
			children = (
				2E6A84B320F55CA500F142C2 /* MGPhotoHelper.swift */,
			);
			path = Helpers;
			sourceTree = "<group>";
		};
		2E05A77820F3D3DB00A19FDE /* Models */ = {
			isa = PBXGroup;
			children = (
				2E05A78220F40F1200A19FDE /* User.swift */,
				2E12147520F676EE008DEBF0 /* Post.swift */,
			);
			path = Models;
			sourceTree = "<group>";
		};
		2E05A77920F3D3E800A19FDE /* Services */ = {
			isa = PBXGroup;
			children = (
				2E05A78620F425F200A19FDE /* UserService.swift */,
				2E12147120F664B5008DEBF0 /* StorageService.swift */,
				2E12147320F66B6B008DEBF0 /* PostService.swift */,
				2E12148520F72105008DEBF0 /* LikeService.swift */,
				2E12148A20F7CC46008DEBF0 /* FollowService.swift */,
			);
			path = Services;
			sourceTree = "<group>";
		};
		2E05A77A20F3D3F000A19FDE /* Storyboards */ = {
			isa = PBXGroup;
			children = (
				2E12149020F7F0A0008DEBF0 /* FindFriends.storyboard */,
				2E05A77E20F3D79900A19FDE /* Login.storyboard */,
				2E05A76620F3CACB00A19FDE /* Main.storyboard */,
				2E12147B20F69A24008DEBF0 /* Home.storyboard */,
			);
			path = Storyboards;
			sourceTree = "<group>";
		};
		2E05A77B20F3D3F800A19FDE /* Supporting Files */ = {
			isa = PBXGroup;
			children = (
				2E05A77420F3D02F00A19FDE /* GoogleService-Info.plist */,
				2E05A76E20F3CACE00A19FDE /* Info.plist */,
				2E05A78820F51A9000A19FDE /* Constants.swift */,
			);
			path = "Supporting Files";
			sourceTree = "<group>";
		};
		2E05A77C20F3D3FF00A19FDE /* Views */ = {
			isa = PBXGroup;
			children = (
				2E12147F20F6B5C7008DEBF0 /* PostImageCell.swift */,
				2E12148120F6BC78008DEBF0 /* PostHeaderCell.swift */,
				2E12148320F6BF89008DEBF0 /* PostActionCell.swift */,
				2E12148E20F7F094008DEBF0 /* FindFriendsCell.swift */,
			);
			path = Views;
			sourceTree = "<group>";
		};
		2E05A77D20F3D41100A19FDE /* Controllers */ = {
			isa = PBXGroup;
			children = (
				2E05A78020F3D9E900A19FDE /* LoginVC.swift */,
				2E05A78420F416C200A19FDE /* CreateUsernameVC.swift */,
				2E05A78C20F5298A00A19FDE /* HomeVC.swift */,
				2E05A78E20F5299A00A19FDE /* FindFriends.swift */,
				2E6A84B120F5542500F142C2 /* MainTabBarController.swift */,
				2E12148C20F7EE3E008DEBF0 /* FindFriendsVC.swift */,
			);
			path = Controllers;
			sourceTree = "<group>";
		};
		44D45B4B1F38E32801CA7369 /* Frameworks */ = {
			isa = PBXGroup;
			children = (
				71F751461B64AB01E63385F9 /* Pods_Makestagram.framework */,
			);
			name = Frameworks;
			sourceTree = "<group>";
		};
		E1EF7F6A2F22FECD508B249F /* Pods */ = {
			isa = PBXGroup;
			children = (
				261E018AAFF7DFEDB342C6A1 /* Pods-Makestagram.debug.xcconfig */,
				FA2DD7E0FD180B42A4D9F04A /* Pods-Makestagram.release.xcconfig */,
			);
			name = Pods;
			sourceTree = "<group>";
		};
/* End PBXGroup section */

/* Begin PBXNativeTarget section */
		2E05A75E20F3CACA00A19FDE /* Makestagram */ = {
			isa = PBXNativeTarget;
			buildConfigurationList = 2E05A77120F3CACE00A19FDE /* Build configuration list for PBXNativeTarget "Makestagram" */;
			buildPhases = (
				B115AF848B9F3BD4F174928B /* [CP] Check Pods Manifest.lock */,
				2E05A75B20F3CACA00A19FDE /* Sources */,
				2E05A75C20F3CACA00A19FDE /* Frameworks */,
				2E05A75D20F3CACA00A19FDE /* Resources */,
				9B9CE335A528925AA18AFBA1 /* [CP] Embed Pods Frameworks */,
				54D2CA42D8D2947CE0B9606E /* [CP] Copy Pods Resources */,
			);
			buildRules = (
			);
			dependencies = (
			);
			name = Makestagram;
			productName = Makestagram;
			productReference = 2E05A75F20F3CACA00A19FDE /* Makestagram.app */;
			productType = "com.apple.product-type.application";
		};
/* End PBXNativeTarget section */

/* Begin PBXProject section */
		2E05A75720F3CACA00A19FDE /* Project object */ = {
			isa = PBXProject;
			attributes = {
				LastSwiftUpdateCheck = 0940;
				LastUpgradeCheck = 0940;
				ORGANIZATIONNAME = "Robert Wais";
				TargetAttributes = {
					2E05A75E20F3CACA00A19FDE = {
						CreatedOnToolsVersion = 9.4.1;
					};
				};
			};
			buildConfigurationList = 2E05A75A20F3CACA00A19FDE /* Build configuration list for PBXProject "Makestagram" */;
			compatibilityVersion = "Xcode 9.3";
			developmentRegion = en;
			hasScannedForEncodings = 0;
			knownRegions = (
				en,
				Base,
			);
			mainGroup = 2E05A75620F3CACA00A19FDE;
			productRefGroup = 2E05A76020F3CACA00A19FDE /* Products */;
			projectDirPath = "";
			projectRoot = "";
			targets = (
				2E05A75E20F3CACA00A19FDE /* Makestagram */,
			);
		};
/* End PBXProject section */

/* Begin PBXResourcesBuildPhase section */
		2E05A75D20F3CACA00A19FDE /* Resources */ = {
			isa = PBXResourcesBuildPhase;
			buildActionMask = 2147483647;
			files = (
				2E05A76D20F3CACE00A19FDE /* LaunchScreen.storyboard in Resources */,
				2E05A77520F3D03000A19FDE /* GoogleService-Info.plist in Resources */,
				2E05A76A20F3CACE00A19FDE /* Assets.xcassets in Resources */,
				2E12149120F8021D008DEBF0 /* FindFriends.storyboard in Resources */,
				2E12147C20F6B19A008DEBF0 /* Home.storyboard in Resources */,
				2E05A77F20F3D79900A19FDE /* Login.storyboard in Resources */,
				2E05A76820F3CACB00A19FDE /* Main.storyboard in Resources */,
			);
			runOnlyForDeploymentPostprocessing = 0;
		};
/* End PBXResourcesBuildPhase section */

/* Begin PBXShellScriptBuildPhase section */
		54D2CA42D8D2947CE0B9606E /* [CP] Copy Pods Resources */ = {
			isa = PBXShellScriptBuildPhase;
			buildActionMask = 2147483647;
			files = (
			);
			inputPaths = (
				"${SRCROOT}/Pods/Target Support Files/Pods-Makestagram/Pods-Makestagram-resources.sh",
				"${PODS_CONFIGURATION_BUILD_DIR}/FirebaseUI/FirebaseAuthUI.bundle",
			);
			name = "[CP] Copy Pods Resources";
			outputPaths = (
				"${TARGET_BUILD_DIR}/${UNLOCALIZED_RESOURCES_FOLDER_PATH}/FirebaseAuthUI.bundle",
			);
			runOnlyForDeploymentPostprocessing = 0;
			shellPath = /bin/sh;
			shellScript = "\"${SRCROOT}/Pods/Target Support Files/Pods-Makestagram/Pods-Makestagram-resources.sh\"\n";
			showEnvVarsInLog = 0;
		};
		9B9CE335A528925AA18AFBA1 /* [CP] Embed Pods Frameworks */ = {
			isa = PBXShellScriptBuildPhase;
			buildActionMask = 2147483647;
			files = (
			);
			inputPaths = (
				"${SRCROOT}/Pods/Target Support Files/Pods-Makestagram/Pods-Makestagram-frameworks.sh",
				"${BUILT_PRODUCTS_DIR}/GTMSessionFetcher/GTMSessionFetcher.framework",
				"${BUILT_PRODUCTS_DIR}/GoogleToolboxForMac/GoogleToolboxForMac.framework",
				"${BUILT_PRODUCTS_DIR}/Kingfisher/Kingfisher.framework",
				"${BUILT_PRODUCTS_DIR}/leveldb-library/leveldb.framework",
				"${BUILT_PRODUCTS_DIR}/nanopb/nanopb.framework",
			);
			name = "[CP] Embed Pods Frameworks";
			outputPaths = (
				"${TARGET_BUILD_DIR}/${FRAMEWORKS_FOLDER_PATH}/GTMSessionFetcher.framework",
				"${TARGET_BUILD_DIR}/${FRAMEWORKS_FOLDER_PATH}/GoogleToolboxForMac.framework",
				"${TARGET_BUILD_DIR}/${FRAMEWORKS_FOLDER_PATH}/Kingfisher.framework",
				"${TARGET_BUILD_DIR}/${FRAMEWORKS_FOLDER_PATH}/leveldb.framework",
				"${TARGET_BUILD_DIR}/${FRAMEWORKS_FOLDER_PATH}/nanopb.framework",
			);
			runOnlyForDeploymentPostprocessing = 0;
			shellPath = /bin/sh;
			shellScript = "\"${SRCROOT}/Pods/Target Support Files/Pods-Makestagram/Pods-Makestagram-frameworks.sh\"\n";
			showEnvVarsInLog = 0;
		};
		B115AF848B9F3BD4F174928B /* [CP] Check Pods Manifest.lock */ = {
			isa = PBXShellScriptBuildPhase;
			buildActionMask = 2147483647;
			files = (
			);
			inputPaths = (
				"${PODS_PODFILE_DIR_PATH}/Podfile.lock",
				"${PODS_ROOT}/Manifest.lock",
			);
			name = "[CP] Check Pods Manifest.lock";
			outputPaths = (
				"$(DERIVED_FILE_DIR)/Pods-Makestagram-checkManifestLockResult.txt",
			);
			runOnlyForDeploymentPostprocessing = 0;
			shellPath = /bin/sh;
			shellScript = "diff \"${PODS_PODFILE_DIR_PATH}/Podfile.lock\" \"${PODS_ROOT}/Manifest.lock\" > /dev/null\nif [ $? != 0 ] ; then\n    # print error to STDERR\n    echo \"error: The sandbox is not in sync with the Podfile.lock. Run 'pod install' or update your CocoaPods installation.\" >&2\n    exit 1\nfi\n# This output is used by Xcode 'outputs' to avoid re-running this script phase.\necho \"SUCCESS\" > \"${SCRIPT_OUTPUT_FILE_0}\"\n";
			showEnvVarsInLog = 0;
		};
/* End PBXShellScriptBuildPhase section */

/* Begin PBXSourcesBuildPhase section */
		2E05A75B20F3CACA00A19FDE /* Sources */ = {
			isa = PBXSourcesBuildPhase;
			buildActionMask = 2147483647;
			files = (
				2E12148B20F7CC46008DEBF0 /* FollowService.swift in Sources */,
				2E12148D20F7EE3F008DEBF0 /* FindFriendsVC.swift in Sources */,
				2E05A78520F416C200A19FDE /* CreateUsernameVC.swift in Sources */,
				2E12147220F664B5008DEBF0 /* StorageService.swift in Sources */,
				2E05A78D20F5298A00A19FDE /* HomeVC.swift in Sources */,
				2E6A84B220F5542500F142C2 /* MainTabBarController.swift in Sources */,
				2E05A78320F40F1200A19FDE /* User.swift in Sources */,
				2E12148420F6BF89008DEBF0 /* PostActionCell.swift in Sources */,
				2E12148620F72105008DEBF0 /* LikeService.swift in Sources */,
				2E12147620F676EE008DEBF0 /* Post.swift in Sources */,
				2E12148F20F7F094008DEBF0 /* FindFriendsCell.swift in Sources */,
				2E12148020F6B5C7008DEBF0 /* PostImageCell.swift in Sources */,
				2E12147820F67AEA008DEBF0 /* UIImage+Size.swift in Sources */,
				2E05A78720F425F200A19FDE /* UserService.swift in Sources */,
				2E6A84B420F55CA500F142C2 /* MGPhotoHelper.swift in Sources */,
				2E05A78B20F51C6800A19FDE /* Storyboard+Utility.swift in Sources */,
				2E05A78920F51A9000A19FDE /* Constants.swift in Sources */,
				2E12147A20F67BDC008DEBF0 /* StorageReference+Post.swift in Sources */,
				2E05A78F20F5299A00A19FDE /* FindFriends.swift in Sources */,
				2E12147420F66B6B008DEBF0 /* PostService.swift in Sources */,
				2E05A76320F3CACA00A19FDE /* AppDelegate.swift in Sources */,
				2E12148220F6BC78008DEBF0 /* PostHeaderCell.swift in Sources */,
				2E05A78120F3D9E900A19FDE /* LoginVC.swift in Sources */,
			);
			runOnlyForDeploymentPostprocessing = 0;
		};
/* End PBXSourcesBuildPhase section */

/* Begin PBXVariantGroup section */
		2E05A76620F3CACB00A19FDE /* Main.storyboard */ = {
			isa = PBXVariantGroup;
			children = (
				2E05A76720F3CACB00A19FDE /* Base */,
			);
			name = Main.storyboard;
			sourceTree = "<group>";
		};
		2E05A76B20F3CACE00A19FDE /* LaunchScreen.storyboard */ = {
			isa = PBXVariantGroup;
			children = (
				2E05A76C20F3CACE00A19FDE /* Base */,
			);
			name = LaunchScreen.storyboard;
			sourceTree = "<group>";
		};
/* End PBXVariantGroup section */

/* Begin XCBuildConfiguration section */
		2E05A76F20F3CACE00A19FDE /* Debug */ = {
			isa = XCBuildConfiguration;
			buildSettings = {
				ALWAYS_SEARCH_USER_PATHS = NO;
				CLANG_ANALYZER_NONNULL = YES;
				CLANG_ANALYZER_NUMBER_OBJECT_CONVERSION = YES_AGGRESSIVE;
				CLANG_CXX_LANGUAGE_STANDARD = "gnu++14";
				CLANG_CXX_LIBRARY = "libc++";
				CLANG_ENABLE_MODULES = YES;
				CLANG_ENABLE_OBJC_ARC = YES;
				CLANG_ENABLE_OBJC_WEAK = YES;
				CLANG_WARN_BLOCK_CAPTURE_AUTORELEASING = YES;
				CLANG_WARN_BOOL_CONVERSION = YES;
				CLANG_WARN_COMMA = YES;
				CLANG_WARN_CONSTANT_CONVERSION = YES;
				CLANG_WARN_DEPRECATED_OBJC_IMPLEMENTATIONS = YES;
				CLANG_WARN_DIRECT_OBJC_ISA_USAGE = YES_ERROR;
				CLANG_WARN_DOCUMENTATION_COMMENTS = YES;
				CLANG_WARN_EMPTY_BODY = YES;
				CLANG_WARN_ENUM_CONVERSION = YES;
				CLANG_WARN_INFINITE_RECURSION = YES;
				CLANG_WARN_INT_CONVERSION = YES;
				CLANG_WARN_NON_LITERAL_NULL_CONVERSION = YES;
				CLANG_WARN_OBJC_IMPLICIT_RETAIN_SELF = YES;
				CLANG_WARN_OBJC_LITERAL_CONVERSION = YES;
				CLANG_WARN_OBJC_ROOT_CLASS = YES_ERROR;
				CLANG_WARN_RANGE_LOOP_ANALYSIS = YES;
				CLANG_WARN_STRICT_PROTOTYPES = YES;
				CLANG_WARN_SUSPICIOUS_MOVE = YES;
				CLANG_WARN_UNGUARDED_AVAILABILITY = YES_AGGRESSIVE;
				CLANG_WARN_UNREACHABLE_CODE = YES;
				CLANG_WARN__DUPLICATE_METHOD_MATCH = YES;
				CODE_SIGN_IDENTITY = "iPhone Developer";
				COPY_PHASE_STRIP = NO;
				DEBUG_INFORMATION_FORMAT = dwarf;
				ENABLE_STRICT_OBJC_MSGSEND = YES;
				ENABLE_TESTABILITY = YES;
				GCC_C_LANGUAGE_STANDARD = gnu11;
				GCC_DYNAMIC_NO_PIC = NO;
				GCC_NO_COMMON_BLOCKS = YES;
				GCC_OPTIMIZATION_LEVEL = 0;
				GCC_PREPROCESSOR_DEFINITIONS = (
					"DEBUG=1",
					"$(inherited)",
				);
				GCC_WARN_64_TO_32_BIT_CONVERSION = YES;
				GCC_WARN_ABOUT_RETURN_TYPE = YES_ERROR;
				GCC_WARN_UNDECLARED_SELECTOR = YES;
				GCC_WARN_UNINITIALIZED_AUTOS = YES_AGGRESSIVE;
				GCC_WARN_UNUSED_FUNCTION = YES;
				GCC_WARN_UNUSED_VARIABLE = YES;
				IPHONEOS_DEPLOYMENT_TARGET = 11.4;
				MTL_ENABLE_DEBUG_INFO = YES;
				ONLY_ACTIVE_ARCH = YES;
				SDKROOT = iphoneos;
				SWIFT_ACTIVE_COMPILATION_CONDITIONS = DEBUG;
				SWIFT_OPTIMIZATION_LEVEL = "-Onone";
			};
			name = Debug;
		};
		2E05A77020F3CACE00A19FDE /* Release */ = {
			isa = XCBuildConfiguration;
			buildSettings = {
				ALWAYS_SEARCH_USER_PATHS = NO;
				CLANG_ANALYZER_NONNULL = YES;
				CLANG_ANALYZER_NUMBER_OBJECT_CONVERSION = YES_AGGRESSIVE;
				CLANG_CXX_LANGUAGE_STANDARD = "gnu++14";
				CLANG_CXX_LIBRARY = "libc++";
				CLANG_ENABLE_MODULES = YES;
				CLANG_ENABLE_OBJC_ARC = YES;
				CLANG_ENABLE_OBJC_WEAK = YES;
				CLANG_WARN_BLOCK_CAPTURE_AUTORELEASING = YES;
				CLANG_WARN_BOOL_CONVERSION = YES;
				CLANG_WARN_COMMA = YES;
				CLANG_WARN_CONSTANT_CONVERSION = YES;
				CLANG_WARN_DEPRECATED_OBJC_IMPLEMENTATIONS = YES;
				CLANG_WARN_DIRECT_OBJC_ISA_USAGE = YES_ERROR;
				CLANG_WARN_DOCUMENTATION_COMMENTS = YES;
				CLANG_WARN_EMPTY_BODY = YES;
				CLANG_WARN_ENUM_CONVERSION = YES;
				CLANG_WARN_INFINITE_RECURSION = YES;
				CLANG_WARN_INT_CONVERSION = YES;
				CLANG_WARN_NON_LITERAL_NULL_CONVERSION = YES;
				CLANG_WARN_OBJC_IMPLICIT_RETAIN_SELF = YES;
				CLANG_WARN_OBJC_LITERAL_CONVERSION = YES;
				CLANG_WARN_OBJC_ROOT_CLASS = YES_ERROR;
				CLANG_WARN_RANGE_LOOP_ANALYSIS = YES;
				CLANG_WARN_STRICT_PROTOTYPES = YES;
				CLANG_WARN_SUSPICIOUS_MOVE = YES;
				CLANG_WARN_UNGUARDED_AVAILABILITY = YES_AGGRESSIVE;
				CLANG_WARN_UNREACHABLE_CODE = YES;
				CLANG_WARN__DUPLICATE_METHOD_MATCH = YES;
				CODE_SIGN_IDENTITY = "iPhone Developer";
				COPY_PHASE_STRIP = NO;
				DEBUG_INFORMATION_FORMAT = "dwarf-with-dsym";
				ENABLE_NS_ASSERTIONS = NO;
				ENABLE_STRICT_OBJC_MSGSEND = YES;
				GCC_C_LANGUAGE_STANDARD = gnu11;
				GCC_NO_COMMON_BLOCKS = YES;
				GCC_WARN_64_TO_32_BIT_CONVERSION = YES;
				GCC_WARN_ABOUT_RETURN_TYPE = YES_ERROR;
				GCC_WARN_UNDECLARED_SELECTOR = YES;
				GCC_WARN_UNINITIALIZED_AUTOS = YES_AGGRESSIVE;
				GCC_WARN_UNUSED_FUNCTION = YES;
				GCC_WARN_UNUSED_VARIABLE = YES;
				IPHONEOS_DEPLOYMENT_TARGET = 11.4;
				MTL_ENABLE_DEBUG_INFO = NO;
				SDKROOT = iphoneos;
				SWIFT_COMPILATION_MODE = wholemodule;
				SWIFT_OPTIMIZATION_LEVEL = "-O";
				VALIDATE_PRODUCT = YES;
			};
			name = Release;
		};
		2E05A77220F3CACE00A19FDE /* Debug */ = {
			isa = XCBuildConfiguration;
			baseConfigurationReference = 261E018AAFF7DFEDB342C6A1 /* Pods-Makestagram.debug.xcconfig */;
			buildSettings = {
				ASSETCATALOG_COMPILER_APPICON_NAME = AppIcon;
				CODE_SIGN_STYLE = Automatic;
				DEVELOPMENT_TEAM = 6V78FR972C;
				INFOPLIST_FILE = "$(SRCROOT)/Makestagram/Supporting Files/Info.plist";
				IPHONEOS_DEPLOYMENT_TARGET = 11.1;
				LD_RUNPATH_SEARCH_PATHS = (
					"$(inherited)",
					"@executable_path/Frameworks",
				);
				PRODUCT_BUNDLE_IDENTIFIER = com.Bob.Makestagram;
				PRODUCT_NAME = "$(TARGET_NAME)";
				SWIFT_VERSION = 4.0;
				TARGETED_DEVICE_FAMILY = "1,2";
			};
			name = Debug;
		};
		2E05A77320F3CACE00A19FDE /* Release */ = {
			isa = XCBuildConfiguration;
			baseConfigurationReference = FA2DD7E0FD180B42A4D9F04A /* Pods-Makestagram.release.xcconfig */;
			buildSettings = {
				ASSETCATALOG_COMPILER_APPICON_NAME = AppIcon;
				CODE_SIGN_STYLE = Automatic;
				DEVELOPMENT_TEAM = 6V78FR972C;
				INFOPLIST_FILE = "$(SRCROOT)/Makestagram/Supporting Files/Info.plist";
				IPHONEOS_DEPLOYMENT_TARGET = 11.1;
				LD_RUNPATH_SEARCH_PATHS = (
					"$(inherited)",
					"@executable_path/Frameworks",
				);
				PRODUCT_BUNDLE_IDENTIFIER = com.Bob.Makestagram;
				PRODUCT_NAME = "$(TARGET_NAME)";
				SWIFT_VERSION = 4.0;
				TARGETED_DEVICE_FAMILY = "1,2";
			};
			name = Release;
		};
/* End XCBuildConfiguration section */

/* Begin XCConfigurationList section */
		2E05A75A20F3CACA00A19FDE /* Build configuration list for PBXProject "Makestagram" */ = {
			isa = XCConfigurationList;
			buildConfigurations = (
				2E05A76F20F3CACE00A19FDE /* Debug */,
				2E05A77020F3CACE00A19FDE /* Release */,
			);
			defaultConfigurationIsVisible = 0;
			defaultConfigurationName = Release;
		};
		2E05A77120F3CACE00A19FDE /* Build configuration list for PBXNativeTarget "Makestagram" */ = {
			isa = XCConfigurationList;
			buildConfigurations = (
				2E05A77220F3CACE00A19FDE /* Debug */,
				2E05A77320F3CACE00A19FDE /* Release */,
			);
			defaultConfigurationIsVisible = 0;
			defaultConfigurationName = Release;
		};
/* End XCConfigurationList section */
	};
	rootObject = 2E05A75720F3CACA00A19FDE /* Project object */;
}
